# THIS IS AN AUTOGENERATED FILE. DO NOT EDIT THIS FILE DIRECTLY.
# yarn lockfile v1


"@grafbase/cli-aarch64-apple-darwin@^0.3.0":
  version "0.3.0"
  resolved "https://registry.yarnpkg.com/@grafbase/cli-aarch64-apple-darwin/-/cli-aarch64-apple-darwin-0.3.0.tgz#8721fb23984bedf28af8a2a6cee3ce3a5b625076"
  integrity sha512-aIWCxOczy/MdWZjatjuPOvq+7UB4ZjKybvxGXWVxYX6m4i4766gyx5dZzEdOD31AhXB9PNtb3FzzfEEYSOx2kg==

"@grafbase/cli-x86_64-apple-darwin@^0.3.0":
  version "0.3.0"
  resolved "https://registry.yarnpkg.com/@grafbase/cli-x86_64-apple-darwin/-/cli-x86_64-apple-darwin-0.3.0.tgz#20970c7f3aef1e2e15a07fb38a1fad6182c05504"
  integrity sha512-czyQI6yNIfln0e+qwwyySTO0x4lEzJw789zWqLvKMCzZPp8DZrEuOt02Z5q9C9J5hqZ6AHn4MuHaldtmqZ0qBg==

"@grafbase/cli-x86_64-pc-windows-msvc@^0.3.0":
  version "0.3.0"
  resolved "https://registry.yarnpkg.com/@grafbase/cli-x86_64-pc-windows-msvc/-/cli-x86_64-pc-windows-msvc-0.3.0.tgz#aa67579d12d905b03f89a23c0cb8fbf272fdfa01"
  integrity sha512-ISgKFrqtm9sORtunkI4rXpVi2pqmHGxKLarZBAqWczP04xCQEVu/AacLZpryOmXuHD0R3t2V/XxGqFYzANAXsQ==

"@grafbase/cli-x86_64-unknown-linux-musl@^0.3.0":
  version "0.3.0"
  resolved "https://registry.yarnpkg.com/@grafbase/cli-x86_64-unknown-linux-musl/-/cli-x86_64-unknown-linux-musl-0.3.0.tgz#3ac8258ad8045c1f096862cc29a92db83b7fb649"
  integrity sha512-PEKNdBzRxJLtZa1rImaj4N5b4iRjKmXgtiAXXh0nu5hWvjPHQ73WdJ68Iv2jcp7Wtj4evihYMsgRPjKOFrvuZQ==

grafbase@^0.3.0:
  version "0.3.0"
  resolved "https://registry.yarnpkg.com/grafbase/-/grafbase-0.3.0.tgz#055015ca9a8d7940b06df5e96403bd38108fbb07"
  integrity sha512-PPRBOb0ieNKZlTbkV3lmv6z/pKtPCEumdl+Owig8HOQ9N1pB136+UxkDmqCIzAsG6319juVZ5CFqEbuBIUQhEg==
  optionalDependencies:
    "@grafbase/cli-aarch64-apple-darwin" "^0.3.0"
    "@grafbase/cli-x86_64-apple-darwin" "^0.3.0"
    "@grafbase/cli-x86_64-pc-windows-msvc" "^0.3.0"
    "@grafbase/cli-x86_64-unknown-linux-musl" "^0.3.0"
